
Microsoft Visual Studio Solution File, Format Version 12.00
# Visual Studio Version 17
VisualStudioVersion = 17.0.32112.339
MinimumVisualStudioVersion = 10.0.40219.1
Project("{FAE04EC0-301F-11D3-BF4B-00C04F79EFBC}") = "Dya1project1", "Dya1project1\Dya1project1.csproj", "{F8A70328-773E-4065-B001-607FC787D100}"
EndProject
Global
	GlobalSection(SolutionConfigurationPlatforms) = preSolution
		Debug|Any CPU = Debug|Any CPU
		Release|Any CPU = Release|Any CPU
	EndGlobalSection
	GlobalSection(ProjectConfigurationPlatforms) = postSolution
		{F8A70328-773E-4065-B001-607FC787D100}.Debug|Any CPU.ActiveCfg = Debug|Any CPU
		{F8A70328-773E-4065-B001-607FC787D100}.Debug|Any CPU.Build.0 = Debug|Any CPU
		{F8A70328-773E-4065-B001-607FC787D100}.Release|Any CPU.ActiveCfg = Release|Any CPU
		{F8A70328-773E-4065-B001-607FC787D100}.Release|Any CPU.Build.0 = Release|Any CPU
	EndGlobalSection
	GlobalSection(SolutionProperties) = preSolution
		HideSolutionNode = FALSE
	EndGlobalSection
	GlobalSection(ExtensibilityGlobals) = postSolution
		SolutionGuid = {47EF39C6-8F94-4393-86D9-2CC1E6417E76}
	EndGlobalSection
EndGlobal
