
Microsoft Visual Studio Solution File, Format Version 12.00
# Visual Studio Version 17
VisualStudioVersion = 17.0.32112.339
MinimumVisualStudioVersion = 10.0.40219.1
Project("{FAE04EC0-301F-11D3-BF4B-00C04F79EFBC}") = "DAY15 QUIZ PROGRAM", "DAY15 QUIZ PROGRAM\DAY15 QUIZ PROGRAM.csproj", "{6C94B807-AF47-4C56-8A29-A29E7976DEF7}"
EndProject
Global
	GlobalSection(SolutionConfigurationPlatforms) = preSolution
		Debug|Any CPU = Debug|Any CPU
		Release|Any CPU = Release|Any CPU
	EndGlobalSection
	GlobalSection(ProjectConfigurationPlatforms) = postSolution
		{6C94B807-AF47-4C56-8A29-A29E7976DEF7}.Debug|Any CPU.ActiveCfg = Debug|Any CPU
		{6C94B807-AF47-4C56-8A29-A29E7976DEF7}.Debug|Any CPU.Build.0 = Debug|Any CPU
		{6C94B807-AF47-4C56-8A29-A29E7976DEF7}.Release|Any CPU.ActiveCfg = Release|Any CPU
		{6C94B807-AF47-4C56-8A29-A29E7976DEF7}.Release|Any CPU.Build.0 = Release|Any CPU
	EndGlobalSection
	GlobalSection(SolutionProperties) = preSolution
		HideSolutionNode = FALSE
	EndGlobalSection
	GlobalSection(ExtensibilityGlobals) = postSolution
		SolutionGuid = {E1185613-1B31-4D8F-B081-4D8ABF20A76D}
	EndGlobalSection
EndGlobal
