
Microsoft Visual Studio Solution File, Format Version 12.00
# Visual Studio Version 17
VisualStudioVersion = 17.0.32112.339
MinimumVisualStudioVersion = 10.0.40219.1
Project("{FAE04EC0-301F-11D3-BF4B-00C04F79EFBC}") = "DAY 16 PALINDROME", "DAY 16 PALINDROME\DAY 16 PALINDROME.csproj", "{1EED67A6-D5E7-442E-AB3A-0F02BCF61577}"
EndProject
Global
	GlobalSection(SolutionConfigurationPlatforms) = preSolution
		Debug|Any CPU = Debug|Any CPU
		Release|Any CPU = Release|Any CPU
	EndGlobalSection
	GlobalSection(ProjectConfigurationPlatforms) = postSolution
		{1EED67A6-D5E7-442E-AB3A-0F02BCF61577}.Debug|Any CPU.ActiveCfg = Debug|Any CPU
		{1EED67A6-D5E7-442E-AB3A-0F02BCF61577}.Debug|Any CPU.Build.0 = Debug|Any CPU
		{1EED67A6-D5E7-442E-AB3A-0F02BCF61577}.Release|Any CPU.ActiveCfg = Release|Any CPU
		{1EED67A6-D5E7-442E-AB3A-0F02BCF61577}.Release|Any CPU.Build.0 = Release|Any CPU
	EndGlobalSection
	GlobalSection(SolutionProperties) = preSolution
		HideSolutionNode = FALSE
	EndGlobalSection
	GlobalSection(ExtensibilityGlobals) = postSolution
		SolutionGuid = {22943AF8-61A7-4F39-B602-07273E5917C3}
	EndGlobalSection
EndGlobal
