
Microsoft Visual Studio Solution File, Format Version 12.00
# Visual Studio Version 17
VisualStudioVersion = 17.0.32112.339
MinimumVisualStudioVersion = 10.0.40219.1
Project("{FAE04EC0-301F-11D3-BF4B-00C04F79EFBC}") = "Console Facatorial", "Console Facatorial\Console Facatorial.csproj", "{552056B1-C908-4230-B914-AC512455F4A9}"
EndProject
Global
	GlobalSection(SolutionConfigurationPlatforms) = preSolution
		Debug|Any CPU = Debug|Any CPU
		Release|Any CPU = Release|Any CPU
	EndGlobalSection
	GlobalSection(ProjectConfigurationPlatforms) = postSolution
		{552056B1-C908-4230-B914-AC512455F4A9}.Debug|Any CPU.ActiveCfg = Debug|Any CPU
		{552056B1-C908-4230-B914-AC512455F4A9}.Debug|Any CPU.Build.0 = Debug|Any CPU
		{552056B1-C908-4230-B914-AC512455F4A9}.Release|Any CPU.ActiveCfg = Release|Any CPU
		{552056B1-C908-4230-B914-AC512455F4A9}.Release|Any CPU.Build.0 = Release|Any CPU
	EndGlobalSection
	GlobalSection(SolutionProperties) = preSolution
		HideSolutionNode = FALSE
	EndGlobalSection
	GlobalSection(ExtensibilityGlobals) = postSolution
		SolutionGuid = {5C575188-B43D-44BB-BA2D-51FA3483F564}
	EndGlobalSection
EndGlobal
