
Microsoft Visual Studio Solution File, Format Version 12.00
# Visual Studio Version 17
VisualStudioVersion = 17.0.32112.339
MinimumVisualStudioVersion = 10.0.40219.1
Project("{FAE04EC0-301F-11D3-BF4B-00C04F79EFBC}") = "DAY 11 PROJECT 1", "DAY 11 PROJECT 1\DAY 11 PROJECT 1.csproj", "{928002E6-0B07-42EE-982D-197281FA7393}"
EndProject
Global
	GlobalSection(SolutionConfigurationPlatforms) = preSolution
		Debug|Any CPU = Debug|Any CPU
		Release|Any CPU = Release|Any CPU
	EndGlobalSection
	GlobalSection(ProjectConfigurationPlatforms) = postSolution
		{928002E6-0B07-42EE-982D-197281FA7393}.Debug|Any CPU.ActiveCfg = Debug|Any CPU
		{928002E6-0B07-42EE-982D-197281FA7393}.Debug|Any CPU.Build.0 = Debug|Any CPU
		{928002E6-0B07-42EE-982D-197281FA7393}.Release|Any CPU.ActiveCfg = Release|Any CPU
		{928002E6-0B07-42EE-982D-197281FA7393}.Release|Any CPU.Build.0 = Release|Any CPU
	EndGlobalSection
	GlobalSection(SolutionProperties) = preSolution
		HideSolutionNode = FALSE
	EndGlobalSection
	GlobalSection(ExtensibilityGlobals) = postSolution
		SolutionGuid = {12E36153-2BCC-4217-8DAC-9D50126647ED}
	EndGlobalSection
EndGlobal
