
Microsoft Visual Studio Solution File, Format Version 12.00
# Visual Studio Version 17
VisualStudioVersion = 17.0.32112.339
MinimumVisualStudioVersion = 10.0.40219.1
Project("{FAE04EC0-301F-11D3-BF4B-00C04F79EFBC}") = "ManoharwebService", "ManoharwebService\ManoharwebService.csproj", "{1461CCF9-FE2C-4BEF-9F91-85A1D68570BB}"
EndProject
Global
	GlobalSection(SolutionConfigurationPlatforms) = preSolution
		Debug|Any CPU = Debug|Any CPU
		Release|Any CPU = Release|Any CPU
	EndGlobalSection
	GlobalSection(ProjectConfigurationPlatforms) = postSolution
		{1461CCF9-FE2C-4BEF-9F91-85A1D68570BB}.Debug|Any CPU.ActiveCfg = Debug|Any CPU
		{1461CCF9-FE2C-4BEF-9F91-85A1D68570BB}.Debug|Any CPU.Build.0 = Debug|Any CPU
		{1461CCF9-FE2C-4BEF-9F91-85A1D68570BB}.Release|Any CPU.ActiveCfg = Release|Any CPU
		{1461CCF9-FE2C-4BEF-9F91-85A1D68570BB}.Release|Any CPU.Build.0 = Release|Any CPU
	EndGlobalSection
	GlobalSection(SolutionProperties) = preSolution
		HideSolutionNode = FALSE
	EndGlobalSection
	GlobalSection(ExtensibilityGlobals) = postSolution
		SolutionGuid = {0138BCC3-CDF1-465C-AEF5-10F5CEB2EF96}
	EndGlobalSection
EndGlobal
