
Microsoft Visual Studio Solution File, Format Version 12.00
# Visual Studio Version 17
VisualStudioVersion = 17.0.32112.339
MinimumVisualStudioVersion = 10.0.40219.1
Project("{FAE04EC0-301F-11D3-BF4B-00C04F79EFBC}") = "DAY 15  PROJECT 2", "DAY 15  PROJECT 2\DAY 15  PROJECT 2.csproj", "{F08FC0D5-7761-4786-A5B3-4ED9421C7F10}"
EndProject
Global
	GlobalSection(SolutionConfigurationPlatforms) = preSolution
		Debug|Any CPU = Debug|Any CPU
		Release|Any CPU = Release|Any CPU
	EndGlobalSection
	GlobalSection(ProjectConfigurationPlatforms) = postSolution
		{F08FC0D5-7761-4786-A5B3-4ED9421C7F10}.Debug|Any CPU.ActiveCfg = Debug|Any CPU
		{F08FC0D5-7761-4786-A5B3-4ED9421C7F10}.Debug|Any CPU.Build.0 = Debug|Any CPU
		{F08FC0D5-7761-4786-A5B3-4ED9421C7F10}.Release|Any CPU.ActiveCfg = Release|Any CPU
		{F08FC0D5-7761-4786-A5B3-4ED9421C7F10}.Release|Any CPU.Build.0 = Release|Any CPU
	EndGlobalSection
	GlobalSection(SolutionProperties) = preSolution
		HideSolutionNode = FALSE
	EndGlobalSection
	GlobalSection(ExtensibilityGlobals) = postSolution
		SolutionGuid = {06845449-77D4-4D2C-B2E7-F36BAD9CE7EE}
	EndGlobalSection
EndGlobal
