
Microsoft Visual Studio Solution File, Format Version 12.00
# Visual Studio Version 17
VisualStudioVersion = 17.0.32112.339
MinimumVisualStudioVersion = 10.0.40219.1
Project("{FAE04EC0-301F-11D3-BF4B-00C04F79EFBC}") = "BussinessLogicLibrary", "BussinessLogicLibrary\BussinessLogicLibrary.csproj", "{6263E540-EC57-4290-9D6E-EAA8761F413C}"
EndProject
Project("{FAE04EC0-301F-11D3-BF4B-00C04F79EFBC}") = "DataAccessLayer", "DataAccessLayer\DataAccessLayer.csproj", "{D8BB4EBA-9095-49F5-B8E1-D12ECE596110}"
EndProject
Project("{FAE04EC0-301F-11D3-BF4B-00C04F79EFBC}") = "MyClientApp", "MyClientApp\MyClientApp.csproj", "{306D8D79-2EEE-4750-A3E1-1F0DD7E9E369}"
EndProject
Global
	GlobalSection(SolutionConfigurationPlatforms) = preSolution
		Debug|Any CPU = Debug|Any CPU
		Release|Any CPU = Release|Any CPU
	EndGlobalSection
	GlobalSection(ProjectConfigurationPlatforms) = postSolution
		{6263E540-EC57-4290-9D6E-EAA8761F413C}.Debug|Any CPU.ActiveCfg = Debug|Any CPU
		{6263E540-EC57-4290-9D6E-EAA8761F413C}.Debug|Any CPU.Build.0 = Debug|Any CPU
		{6263E540-EC57-4290-9D6E-EAA8761F413C}.Release|Any CPU.ActiveCfg = Release|Any CPU
		{6263E540-EC57-4290-9D6E-EAA8761F413C}.Release|Any CPU.Build.0 = Release|Any CPU
		{D8BB4EBA-9095-49F5-B8E1-D12ECE596110}.Debug|Any CPU.ActiveCfg = Debug|Any CPU
		{D8BB4EBA-9095-49F5-B8E1-D12ECE596110}.Debug|Any CPU.Build.0 = Debug|Any CPU
		{D8BB4EBA-9095-49F5-B8E1-D12ECE596110}.Release|Any CPU.ActiveCfg = Release|Any CPU
		{D8BB4EBA-9095-49F5-B8E1-D12ECE596110}.Release|Any CPU.Build.0 = Release|Any CPU
		{306D8D79-2EEE-4750-A3E1-1F0DD7E9E369}.Debug|Any CPU.ActiveCfg = Debug|Any CPU
		{306D8D79-2EEE-4750-A3E1-1F0DD7E9E369}.Debug|Any CPU.Build.0 = Debug|Any CPU
		{306D8D79-2EEE-4750-A3E1-1F0DD7E9E369}.Release|Any CPU.ActiveCfg = Release|Any CPU
		{306D8D79-2EEE-4750-A3E1-1F0DD7E9E369}.Release|Any CPU.Build.0 = Release|Any CPU
	EndGlobalSection
	GlobalSection(SolutionProperties) = preSolution
		HideSolutionNode = FALSE
	EndGlobalSection
	GlobalSection(ExtensibilityGlobals) = postSolution
		SolutionGuid = {54EAEFC0-3C04-454B-900A-940032A8DDA3}
	EndGlobalSection
EndGlobal
