
Microsoft Visual Studio Solution File, Format Version 12.00
# Visual Studio Version 17
VisualStudioVersion = 17.0.32112.339
MinimumVisualStudioVersion = 10.0.40219.1
Project("{FAE04EC0-301F-11D3-BF4B-00C04F79EFBC}") = "DAY11 PROJECT 2", "DAY11 PROJECT 2\DAY11 PROJECT 2.csproj", "{FCC93687-A2E2-494C-AFB8-608B0E325736}"
EndProject
Global
	GlobalSection(SolutionConfigurationPlatforms) = preSolution
		Debug|Any CPU = Debug|Any CPU
		Release|Any CPU = Release|Any CPU
	EndGlobalSection
	GlobalSection(ProjectConfigurationPlatforms) = postSolution
		{FCC93687-A2E2-494C-AFB8-608B0E325736}.Debug|Any CPU.ActiveCfg = Debug|Any CPU
		{FCC93687-A2E2-494C-AFB8-608B0E325736}.Debug|Any CPU.Build.0 = Debug|Any CPU
		{FCC93687-A2E2-494C-AFB8-608B0E325736}.Release|Any CPU.ActiveCfg = Release|Any CPU
		{FCC93687-A2E2-494C-AFB8-608B0E325736}.Release|Any CPU.Build.0 = Release|Any CPU
	EndGlobalSection
	GlobalSection(SolutionProperties) = preSolution
		HideSolutionNode = FALSE
	EndGlobalSection
	GlobalSection(ExtensibilityGlobals) = postSolution
		SolutionGuid = {FC3481EE-4AA7-40F4-B35B-717E9C8BCE57}
	EndGlobalSection
EndGlobal
