
Microsoft Visual Studio Solution File, Format Version 12.00
# Visual Studio Version 17
VisualStudioVersion = 17.0.32112.339
MinimumVisualStudioVersion = 10.0.40219.1
Project("{FAE04EC0-301F-11D3-BF4B-00C04F79EFBC}") = "list using lambda", "list using lambda\list using lambda.csproj", "{48C50E27-FBAC-4910-BD16-6A09BA237569}"
EndProject
Global
	GlobalSection(SolutionConfigurationPlatforms) = preSolution
		Debug|Any CPU = Debug|Any CPU
		Release|Any CPU = Release|Any CPU
	EndGlobalSection
	GlobalSection(ProjectConfigurationPlatforms) = postSolution
		{48C50E27-FBAC-4910-BD16-6A09BA237569}.Debug|Any CPU.ActiveCfg = Debug|Any CPU
		{48C50E27-FBAC-4910-BD16-6A09BA237569}.Debug|Any CPU.Build.0 = Debug|Any CPU
		{48C50E27-FBAC-4910-BD16-6A09BA237569}.Release|Any CPU.ActiveCfg = Release|Any CPU
		{48C50E27-FBAC-4910-BD16-6A09BA237569}.Release|Any CPU.Build.0 = Release|Any CPU
	EndGlobalSection
	GlobalSection(SolutionProperties) = preSolution
		HideSolutionNode = FALSE
	EndGlobalSection
	GlobalSection(ExtensibilityGlobals) = postSolution
		SolutionGuid = {69A73998-8E3C-4107-B1CD-1F6BBDDE3798}
	EndGlobalSection
EndGlobal
