
Microsoft Visual Studio Solution File, Format Version 12.00
# Visual Studio Version 17
VisualStudioVersion = 17.0.32112.339
MinimumVisualStudioVersion = 10.0.40219.1
Project("{FAE04EC0-301F-11D3-BF4B-00C04F79EFBC}") = "DAY 9 morning project1", "DAY 9 morning project1\DAY 9 morning project1.csproj", "{BB0B4171-E9FA-4D10-B068-6DEC8AA962FB}"
EndProject
Global
	GlobalSection(SolutionConfigurationPlatforms) = preSolution
		Debug|Any CPU = Debug|Any CPU
		Release|Any CPU = Release|Any CPU
	EndGlobalSection
	GlobalSection(ProjectConfigurationPlatforms) = postSolution
		{BB0B4171-E9FA-4D10-B068-6DEC8AA962FB}.Debug|Any CPU.ActiveCfg = Debug|Any CPU
		{BB0B4171-E9FA-4D10-B068-6DEC8AA962FB}.Debug|Any CPU.Build.0 = Debug|Any CPU
		{BB0B4171-E9FA-4D10-B068-6DEC8AA962FB}.Release|Any CPU.ActiveCfg = Release|Any CPU
		{BB0B4171-E9FA-4D10-B068-6DEC8AA962FB}.Release|Any CPU.Build.0 = Release|Any CPU
	EndGlobalSection
	GlobalSection(SolutionProperties) = preSolution
		HideSolutionNode = FALSE
	EndGlobalSection
	GlobalSection(ExtensibilityGlobals) = postSolution
		SolutionGuid = {83662CBF-FB4D-46AA-8343-C22010321BBE}
	EndGlobalSection
EndGlobal
