
Microsoft Visual Studio Solution File, Format Version 12.00
# Visual Studio Version 17
VisualStudioVersion = 17.0.32112.339
MinimumVisualStudioVersion = 10.0.40219.1
Project("{FAE04EC0-301F-11D3-BF4B-00C04F79EFBC}") = "DAY 7 Employees using public", "DAY 7 Employees using public\DAY 7 Employees using public.csproj", "{F19FD65A-120F-453B-8607-7B0E96EBAC65}"
EndProject
Global
	GlobalSection(SolutionConfigurationPlatforms) = preSolution
		Debug|Any CPU = Debug|Any CPU
		Release|Any CPU = Release|Any CPU
	EndGlobalSection
	GlobalSection(ProjectConfigurationPlatforms) = postSolution
		{F19FD65A-120F-453B-8607-7B0E96EBAC65}.Debug|Any CPU.ActiveCfg = Debug|Any CPU
		{F19FD65A-120F-453B-8607-7B0E96EBAC65}.Debug|Any CPU.Build.0 = Debug|Any CPU
		{F19FD65A-120F-453B-8607-7B0E96EBAC65}.Release|Any CPU.ActiveCfg = Release|Any CPU
		{F19FD65A-120F-453B-8607-7B0E96EBAC65}.Release|Any CPU.Build.0 = Release|Any CPU
	EndGlobalSection
	GlobalSection(SolutionProperties) = preSolution
		HideSolutionNode = FALSE
	EndGlobalSection
	GlobalSection(ExtensibilityGlobals) = postSolution
		SolutionGuid = {737C5F6F-7A9C-4DF0-9882-E334601618CD}
	EndGlobalSection
EndGlobal
