
Microsoft Visual Studio Solution File, Format Version 12.00
# Visual Studio Version 17
VisualStudioVersion = 17.0.32112.339
MinimumVisualStudioVersion = 10.0.40219.1
Project("{FAE04EC0-301F-11D3-BF4B-00C04F79EFBC}") = "Console While Multiplication", "Console While Multiplication\Console While Multiplication.csproj", "{C830DB21-21EA-4534-983F-9B0522F66AD8}"
EndProject
Global
	GlobalSection(SolutionConfigurationPlatforms) = preSolution
		Debug|Any CPU = Debug|Any CPU
		Release|Any CPU = Release|Any CPU
	EndGlobalSection
	GlobalSection(ProjectConfigurationPlatforms) = postSolution
		{C830DB21-21EA-4534-983F-9B0522F66AD8}.Debug|Any CPU.ActiveCfg = Debug|Any CPU
		{C830DB21-21EA-4534-983F-9B0522F66AD8}.Debug|Any CPU.Build.0 = Debug|Any CPU
		{C830DB21-21EA-4534-983F-9B0522F66AD8}.Release|Any CPU.ActiveCfg = Release|Any CPU
		{C830DB21-21EA-4534-983F-9B0522F66AD8}.Release|Any CPU.Build.0 = Release|Any CPU
	EndGlobalSection
	GlobalSection(SolutionProperties) = preSolution
		HideSolutionNode = FALSE
	EndGlobalSection
	GlobalSection(ExtensibilityGlobals) = postSolution
		SolutionGuid = {522B5632-756C-4A10-BE52-F60CBA748EC6}
	EndGlobalSection
EndGlobal
