
Microsoft Visual Studio Solution File, Format Version 12.00
# Visual Studio Version 17
VisualStudioVersion = 17.0.32112.339
MinimumVisualStudioVersion = 10.0.40219.1
Project("{FAE04EC0-301F-11D3-BF4B-00C04F79EFBC}") = "Bubblesort program", "Bubblesort program\Bubblesort program.csproj", "{03D5E896-E54A-4B0B-9E61-1317BD809F73}"
EndProject
Global
	GlobalSection(SolutionConfigurationPlatforms) = preSolution
		Debug|Any CPU = Debug|Any CPU
		Release|Any CPU = Release|Any CPU
	EndGlobalSection
	GlobalSection(ProjectConfigurationPlatforms) = postSolution
		{03D5E896-E54A-4B0B-9E61-1317BD809F73}.Debug|Any CPU.ActiveCfg = Debug|Any CPU
		{03D5E896-E54A-4B0B-9E61-1317BD809F73}.Debug|Any CPU.Build.0 = Debug|Any CPU
		{03D5E896-E54A-4B0B-9E61-1317BD809F73}.Release|Any CPU.ActiveCfg = Release|Any CPU
		{03D5E896-E54A-4B0B-9E61-1317BD809F73}.Release|Any CPU.Build.0 = Release|Any CPU
	EndGlobalSection
	GlobalSection(SolutionProperties) = preSolution
		HideSolutionNode = FALSE
	EndGlobalSection
	GlobalSection(ExtensibilityGlobals) = postSolution
		SolutionGuid = {AA44AED0-EBFD-4607-A692-56C976564A21}
	EndGlobalSection
EndGlobal
