
Microsoft Visual Studio Solution File, Format Version 12.00
# Visual Studio Version 17
VisualStudioVersion = 17.0.32112.339
MinimumVisualStudioVersion = 10.0.40219.1
Project("{FAE04EC0-301F-11D3-BF4B-00C04F79EFBC}") = "ConsoleApp1", "ConsoleApp1\ConsoleApp1.csproj", "{E3122AF0-DB14-4677-A455-66C7CE1CDE4A}"
EndProject
Global
	GlobalSection(SolutionConfigurationPlatforms) = preSolution
		Debug|Any CPU = Debug|Any CPU
		Release|Any CPU = Release|Any CPU
	EndGlobalSection
	GlobalSection(ProjectConfigurationPlatforms) = postSolution
		{E3122AF0-DB14-4677-A455-66C7CE1CDE4A}.Debug|Any CPU.ActiveCfg = Debug|Any CPU
		{E3122AF0-DB14-4677-A455-66C7CE1CDE4A}.Debug|Any CPU.Build.0 = Debug|Any CPU
		{E3122AF0-DB14-4677-A455-66C7CE1CDE4A}.Release|Any CPU.ActiveCfg = Release|Any CPU
		{E3122AF0-DB14-4677-A455-66C7CE1CDE4A}.Release|Any CPU.Build.0 = Release|Any CPU
	EndGlobalSection
	GlobalSection(SolutionProperties) = preSolution
		HideSolutionNode = FALSE
	EndGlobalSection
	GlobalSection(ExtensibilityGlobals) = postSolution
		SolutionGuid = {5EAC4E20-9AFF-4762-AE69-7A7D517B19B3}
	EndGlobalSection
EndGlobal
