
Microsoft Visual Studio Solution File, Format Version 12.00
# Visual Studio Version 17
VisualStudioVersion = 17.0.32112.339
MinimumVisualStudioVersion = 10.0.40219.1
Project("{FAE04EC0-301F-11D3-BF4B-00C04F79EFBC}") = "DAY16 PROJECT5", "DAY16 PROJECT5\DAY16 PROJECT5.csproj", "{1838F759-86BC-4CBD-87D9-13A7142AC58C}"
EndProject
Global
	GlobalSection(SolutionConfigurationPlatforms) = preSolution
		Debug|Any CPU = Debug|Any CPU
		Release|Any CPU = Release|Any CPU
	EndGlobalSection
	GlobalSection(ProjectConfigurationPlatforms) = postSolution
		{1838F759-86BC-4CBD-87D9-13A7142AC58C}.Debug|Any CPU.ActiveCfg = Debug|Any CPU
		{1838F759-86BC-4CBD-87D9-13A7142AC58C}.Debug|Any CPU.Build.0 = Debug|Any CPU
		{1838F759-86BC-4CBD-87D9-13A7142AC58C}.Release|Any CPU.ActiveCfg = Release|Any CPU
		{1838F759-86BC-4CBD-87D9-13A7142AC58C}.Release|Any CPU.Build.0 = Release|Any CPU
	EndGlobalSection
	GlobalSection(SolutionProperties) = preSolution
		HideSolutionNode = FALSE
	EndGlobalSection
	GlobalSection(ExtensibilityGlobals) = postSolution
		SolutionGuid = {FDEFF42A-AB2D-4814-8DFB-EEDF791BD9C7}
	EndGlobalSection
EndGlobal
