
Microsoft Visual Studio Solution File, Format Version 12.00
# Visual Studio Version 17
VisualStudioVersion = 17.0.32112.339
MinimumVisualStudioVersion = 10.0.40219.1
Project("{FAE04EC0-301F-11D3-BF4B-00C04F79EFBC}") = "DAY7  morning project1", "DAY7  morning project1\DAY7  morning project1.csproj", "{E73BCF5D-CC47-4C7C-8C30-C692CCE90BCD}"
EndProject
Global
	GlobalSection(SolutionConfigurationPlatforms) = preSolution
		Debug|Any CPU = Debug|Any CPU
		Release|Any CPU = Release|Any CPU
	EndGlobalSection
	GlobalSection(ProjectConfigurationPlatforms) = postSolution
		{E73BCF5D-CC47-4C7C-8C30-C692CCE90BCD}.Debug|Any CPU.ActiveCfg = Debug|Any CPU
		{E73BCF5D-CC47-4C7C-8C30-C692CCE90BCD}.Debug|Any CPU.Build.0 = Debug|Any CPU
		{E73BCF5D-CC47-4C7C-8C30-C692CCE90BCD}.Release|Any CPU.ActiveCfg = Release|Any CPU
		{E73BCF5D-CC47-4C7C-8C30-C692CCE90BCD}.Release|Any CPU.Build.0 = Release|Any CPU
	EndGlobalSection
	GlobalSection(SolutionProperties) = preSolution
		HideSolutionNode = FALSE
	EndGlobalSection
	GlobalSection(ExtensibilityGlobals) = postSolution
		SolutionGuid = {589A32C4-C84C-49B9-AD61-0F7C40BDA0CF}
	EndGlobalSection
EndGlobal
