
Microsoft Visual Studio Solution File, Format Version 12.00
# Visual Studio Version 17
VisualStudioVersion = 17.0.32112.339
MinimumVisualStudioVersion = 10.0.40219.1
Project("{FAE04EC0-301F-11D3-BF4B-00C04F79EFBC}") = "Day7  Department project", "Day7  Department project\Day7  Department project.csproj", "{9DE88D33-B394-4920-8C98-25A3C5BF983D}"
EndProject
Global
	GlobalSection(SolutionConfigurationPlatforms) = preSolution
		Debug|Any CPU = Debug|Any CPU
		Release|Any CPU = Release|Any CPU
	EndGlobalSection
	GlobalSection(ProjectConfigurationPlatforms) = postSolution
		{9DE88D33-B394-4920-8C98-25A3C5BF983D}.Debug|Any CPU.ActiveCfg = Debug|Any CPU
		{9DE88D33-B394-4920-8C98-25A3C5BF983D}.Debug|Any CPU.Build.0 = Debug|Any CPU
		{9DE88D33-B394-4920-8C98-25A3C5BF983D}.Release|Any CPU.ActiveCfg = Release|Any CPU
		{9DE88D33-B394-4920-8C98-25A3C5BF983D}.Release|Any CPU.Build.0 = Release|Any CPU
	EndGlobalSection
	GlobalSection(SolutionProperties) = preSolution
		HideSolutionNode = FALSE
	EndGlobalSection
	GlobalSection(ExtensibilityGlobals) = postSolution
		SolutionGuid = {8A95CFF4-61AB-4B10-996D-3117D9B2E277}
	EndGlobalSection
EndGlobal
