
Microsoft Visual Studio Solution File, Format Version 12.00
# Visual Studio Version 17
VisualStudioVersion = 17.0.32112.339
MinimumVisualStudioVersion = 10.0.40219.1
Project("{FAE04EC0-301F-11D3-BF4B-00C04F79EFBC}") = "WindowsFormsApp1", "WindowsFormsApp1\WindowsFormsApp1.csproj", "{F2720C08-BAEA-4D69-BDD4-1A3E18B21827}"
EndProject
Global
	GlobalSection(SolutionConfigurationPlatforms) = preSolution
		Debug|Any CPU = Debug|Any CPU
		Release|Any CPU = Release|Any CPU
	EndGlobalSection
	GlobalSection(ProjectConfigurationPlatforms) = postSolution
		{F2720C08-BAEA-4D69-BDD4-1A3E18B21827}.Debug|Any CPU.ActiveCfg = Debug|Any CPU
		{F2720C08-BAEA-4D69-BDD4-1A3E18B21827}.Debug|Any CPU.Build.0 = Debug|Any CPU
		{F2720C08-BAEA-4D69-BDD4-1A3E18B21827}.Release|Any CPU.ActiveCfg = Release|Any CPU
		{F2720C08-BAEA-4D69-BDD4-1A3E18B21827}.Release|Any CPU.Build.0 = Release|Any CPU
	EndGlobalSection
	GlobalSection(SolutionProperties) = preSolution
		HideSolutionNode = FALSE
	EndGlobalSection
	GlobalSection(ExtensibilityGlobals) = postSolution
		SolutionGuid = {77FC87DF-D174-47E6-9BD6-776A5A474848}
	EndGlobalSection
EndGlobal
