
Microsoft Visual Studio Solution File, Format Version 12.00
# Visual Studio Version 17
VisualStudioVersion = 17.0.32112.339
MinimumVisualStudioVersion = 10.0.40219.1
Project("{FAE04EC0-301F-11D3-BF4B-00C04F79EFBC}") = "DAY7 class seller", "DAY7 class seller\DAY7 class seller.csproj", "{5061D38F-833D-40F8-A736-DD98AC64739A}"
EndProject
Global
	GlobalSection(SolutionConfigurationPlatforms) = preSolution
		Debug|Any CPU = Debug|Any CPU
		Release|Any CPU = Release|Any CPU
	EndGlobalSection
	GlobalSection(ProjectConfigurationPlatforms) = postSolution
		{5061D38F-833D-40F8-A736-DD98AC64739A}.Debug|Any CPU.ActiveCfg = Debug|Any CPU
		{5061D38F-833D-40F8-A736-DD98AC64739A}.Debug|Any CPU.Build.0 = Debug|Any CPU
		{5061D38F-833D-40F8-A736-DD98AC64739A}.Release|Any CPU.ActiveCfg = Release|Any CPU
		{5061D38F-833D-40F8-A736-DD98AC64739A}.Release|Any CPU.Build.0 = Release|Any CPU
	EndGlobalSection
	GlobalSection(SolutionProperties) = preSolution
		HideSolutionNode = FALSE
	EndGlobalSection
	GlobalSection(ExtensibilityGlobals) = postSolution
		SolutionGuid = {96DEAF2B-D8DE-4234-B532-2F95D4D66AC4}
	EndGlobalSection
EndGlobal
